
Microsoft Visual Studio Solution File, Format Version 12.00
# Visual Studio Version 16
VisualStudioVersion = 16.0.31105.61
MinimumVisualStudioVersion = 10.0.40219.1
Project("{FAE04EC0-301F-11D3-BF4B-00C04F79EFBC}") = "HolaMundoWeb", "HolaMundoWeb\HolaMundoWeb.csproj", "{BEC75B17-75C1-4CCC-922F-7532163DB33E}"
EndProject
Global
	GlobalSection(SolutionConfigurationPlatforms) = preSolution
		Debug|Any CPU = Debug|Any CPU
		Release|Any CPU = Release|Any CPU
	EndGlobalSection
	GlobalSection(ProjectConfigurationPlatforms) = postSolution
		{BEC75B17-75C1-4CCC-922F-7532163DB33E}.Debug|Any CPU.ActiveCfg = Debug|Any CPU
		{BEC75B17-75C1-4CCC-922F-7532163DB33E}.Debug|Any CPU.Build.0 = Debug|Any CPU
		{BEC75B17-75C1-4CCC-922F-7532163DB33E}.Release|Any CPU.ActiveCfg = Release|Any CPU
		{BEC75B17-75C1-4CCC-922F-7532163DB33E}.Release|Any CPU.Build.0 = Release|Any CPU
	EndGlobalSection
	GlobalSection(SolutionProperties) = preSolution
		HideSolutionNode = FALSE
	EndGlobalSection
	GlobalSection(ExtensibilityGlobals) = postSolution
		SolutionGuid = {3EF466EA-7354-4A19-818B-B516DB9D94D4}
	EndGlobalSection
EndGlobal
