
Microsoft Visual Studio Solution File, Format Version 12.00
# Visual Studio Version 16
VisualStudioVersion = 16.0.31105.61
MinimumVisualStudioVersion = 10.0.40219.1
Project("{FAE04EC0-301F-11D3-BF4B-00C04F79EFBC}") = "EventosWEB", "EventosWEB\EventosWEB.csproj", "{6EADF483-3451-4434-AD60-FDD9F248D65B}"
EndProject
Project("{FAE04EC0-301F-11D3-BF4B-00C04F79EFBC}") = "EventosModel", "EventosModel\EventosModel.csproj", "{7BB06748-D36A-4C2F-91FF-70625832CD60}"
EndProject
Global
	GlobalSection(SolutionConfigurationPlatforms) = preSolution
		Debug|Any CPU = Debug|Any CPU
		Release|Any CPU = Release|Any CPU
	EndGlobalSection
	GlobalSection(ProjectConfigurationPlatforms) = postSolution
		{6EADF483-3451-4434-AD60-FDD9F248D65B}.Debug|Any CPU.ActiveCfg = Debug|Any CPU
		{6EADF483-3451-4434-AD60-FDD9F248D65B}.Debug|Any CPU.Build.0 = Debug|Any CPU
		{6EADF483-3451-4434-AD60-FDD9F248D65B}.Release|Any CPU.ActiveCfg = Release|Any CPU
		{6EADF483-3451-4434-AD60-FDD9F248D65B}.Release|Any CPU.Build.0 = Release|Any CPU
		{7BB06748-D36A-4C2F-91FF-70625832CD60}.Debug|Any CPU.ActiveCfg = Debug|Any CPU
		{7BB06748-D36A-4C2F-91FF-70625832CD60}.Debug|Any CPU.Build.0 = Debug|Any CPU
		{7BB06748-D36A-4C2F-91FF-70625832CD60}.Release|Any CPU.ActiveCfg = Release|Any CPU
		{7BB06748-D36A-4C2F-91FF-70625832CD60}.Release|Any CPU.Build.0 = Release|Any CPU
	EndGlobalSection
	GlobalSection(SolutionProperties) = preSolution
		HideSolutionNode = FALSE
	EndGlobalSection
	GlobalSection(ExtensibilityGlobals) = postSolution
		SolutionGuid = {63881D77-7B31-4BB5-A640-FEDB175EC5A7}
	EndGlobalSection
EndGlobal
